
Microsoft Visual Studio Solution File, Format Version 12.00
# Visual Studio Version 17
VisualStudioVersion = 17.4.33205.214
MinimumVisualStudioVersion = 10.0.40219.1
Project("{2150E333-8FDC-42A3-9474-1A3956D46DE8}") = "FrontEnd", "FrontEnd", "{DCC1CB16-B691-46CD-BB2C-FBDD713534D1}"
EndProject
Project("{2150E333-8FDC-42A3-9474-1A3956D46DE8}") = "Services", "Services", "{607F5101-5209-4DEC-B75C-B280CA16D4FA}"
EndProject
Project("{FAE04EC0-301F-11D3-BF4B-00C04F79EFBC}") = "MangoWeb", "MangoWeb\MangoWeb.csproj", "{8FCAF9CF-0983-4DAE-9D15-B0D9A18D5D32}"
EndProject
Project("{FAE04EC0-301F-11D3-BF4B-00C04F79EFBC}") = "ProductAPI", "ProductAPI\ProductAPI.csproj", "{E0851EFB-B8D4-4FB2-B162-BD419EC9A4AD}"
EndProject
Global
	GlobalSection(SolutionConfigurationPlatforms) = preSolution
		Debug|Any CPU = Debug|Any CPU
		Release|Any CPU = Release|Any CPU
	EndGlobalSection
	GlobalSection(ProjectConfigurationPlatforms) = postSolution
		{8FCAF9CF-0983-4DAE-9D15-B0D9A18D5D32}.Debug|Any CPU.ActiveCfg = Debug|Any CPU
		{8FCAF9CF-0983-4DAE-9D15-B0D9A18D5D32}.Debug|Any CPU.Build.0 = Debug|Any CPU
		{8FCAF9CF-0983-4DAE-9D15-B0D9A18D5D32}.Release|Any CPU.ActiveCfg = Release|Any CPU
		{8FCAF9CF-0983-4DAE-9D15-B0D9A18D5D32}.Release|Any CPU.Build.0 = Release|Any CPU
		{E0851EFB-B8D4-4FB2-B162-BD419EC9A4AD}.Debug|Any CPU.ActiveCfg = Debug|Any CPU
		{E0851EFB-B8D4-4FB2-B162-BD419EC9A4AD}.Debug|Any CPU.Build.0 = Debug|Any CPU
		{E0851EFB-B8D4-4FB2-B162-BD419EC9A4AD}.Release|Any CPU.ActiveCfg = Release|Any CPU
		{E0851EFB-B8D4-4FB2-B162-BD419EC9A4AD}.Release|Any CPU.Build.0 = Release|Any CPU
	EndGlobalSection
	GlobalSection(SolutionProperties) = preSolution
		HideSolutionNode = FALSE
	EndGlobalSection
	GlobalSection(NestedProjects) = preSolution
		{8FCAF9CF-0983-4DAE-9D15-B0D9A18D5D32} = {DCC1CB16-B691-46CD-BB2C-FBDD713534D1}
		{E0851EFB-B8D4-4FB2-B162-BD419EC9A4AD} = {607F5101-5209-4DEC-B75C-B280CA16D4FA}
	EndGlobalSection
	GlobalSection(ExtensibilityGlobals) = postSolution
		SolutionGuid = {A9F5D449-1311-40A6-AE30-C1A19D2D80AF}
	EndGlobalSection
EndGlobal
